
Microsoft Visual Studio Solution File, Format Version 12.00
# Visual Studio Version 16
VisualStudioVersion = 16.0.29230.47
MinimumVisualStudioVersion = 10.0.40219.1
Project("{9092AA53-FB77-4645-B42D-1CCCA6BD08BD}") = "C.A.T. Bot", "C.A.T. Bot.njsproj", "{EA4D2614-F996-4C3F-8B02-499CE774FDA7}"
EndProject
Global
	GlobalSection(SolutionConfigurationPlatforms) = preSolution
		Debug|Any CPU = Debug|Any CPU
		Release|Any CPU = Release|Any CPU
	EndGlobalSection
	GlobalSection(ProjectConfigurationPlatforms) = postSolution
		{EA4D2614-F996-4C3F-8B02-499CE774FDA7}.Debug|Any CPU.ActiveCfg = Debug|Any CPU
		{EA4D2614-F996-4C3F-8B02-499CE774FDA7}.Debug|Any CPU.Build.0 = Debug|Any CPU
		{EA4D2614-F996-4C3F-8B02-499CE774FDA7}.Release|Any CPU.ActiveCfg = Release|Any CPU
		{EA4D2614-F996-4C3F-8B02-499CE774FDA7}.Release|Any CPU.Build.0 = Release|Any CPU
	EndGlobalSection
	GlobalSection(SolutionProperties) = preSolution
		HideSolutionNode = FALSE
	EndGlobalSection
	GlobalSection(ExtensibilityGlobals) = postSolution
		SolutionGuid = {AFCD6023-4208-4E1E-B755-16355152A5B3}
	EndGlobalSection
EndGlobal
